
Microsoft Visual Studio Solution File, Format Version 12.00
# Visual Studio 2013
VisualStudioVersion = 12.0.40629.0
MinimumVisualStudioVersion = 10.0.40219.1
Project("{FAE04EC0-301F-11D3-BF4B-00C04F79EFBC}") = "TESSERACTPROJECT", "TESSERACTPROJECT\TESSERACTPROJECT.csproj", "{936DAC42-A92A-4395-960D-934D64FE8DFC}"
EndProject
Project("{FAE04EC0-301F-11D3-BF4B-00C04F79EFBC}") = "SERVICEOCR2", "SERVICEOCR2\SERVICEOCR2.csproj", "{9CEEFD29-20AD-4FC8-9E93-994838C3C696}"
EndProject
Project("{FAE04EC0-301F-11D3-BF4B-00C04F79EFBC}") = "TESSERACTDEKSTOP", "TESSERACTDEKSTOP\TESSERACTDEKSTOP.csproj", "{0F980EE9-8BFD-4B30-AC45-86635C3D1E57}"
EndProject
Project("{FAE04EC0-301F-11D3-BF4B-00C04F79EFBC}") = "DekstopOCR", "DekstopOCR\DekstopOCR.csproj", "{4F5211AF-7D29-4F90-8D88-6691D4D4929E}"
EndProject
Project("{FAE04EC0-301F-11D3-BF4B-00C04F79EFBC}") = "MKOCRLIBRARY", "MKOCRLIBRARY\MKOCRLIBRARY.csproj", "{75E98F1C-ADFD-4ECD-85B2-CA01EBBBA634}"
EndProject
Project("{FAE04EC0-301F-11D3-BF4B-00C04F79EFBC}") = "CONSUMEMKOCR", "CONSUMEMKOCR\CONSUMEMKOCR.csproj", "{846EEB17-F6D4-4A62-995C-FC57F9662D9F}"
EndProject
Project("{FAE04EC0-301F-11D3-BF4B-00C04F79EFBC}") = "SERVICEMKOCR", "SERVICEMKOCR\SERVICEMKOCR.csproj", "{FFFCF30A-1F22-4753-BAB7-CFA7E98100F6}"
EndProject
Global
	GlobalSection(SolutionConfigurationPlatforms) = preSolution
		Debug|Any CPU = Debug|Any CPU
		Release|Any CPU = Release|Any CPU
	EndGlobalSection
	GlobalSection(ProjectConfigurationPlatforms) = postSolution
		{936DAC42-A92A-4395-960D-934D64FE8DFC}.Debug|Any CPU.ActiveCfg = Debug|Any CPU
		{936DAC42-A92A-4395-960D-934D64FE8DFC}.Debug|Any CPU.Build.0 = Debug|Any CPU
		{936DAC42-A92A-4395-960D-934D64FE8DFC}.Release|Any CPU.ActiveCfg = Release|Any CPU
		{936DAC42-A92A-4395-960D-934D64FE8DFC}.Release|Any CPU.Build.0 = Release|Any CPU
		{9CEEFD29-20AD-4FC8-9E93-994838C3C696}.Debug|Any CPU.ActiveCfg = Debug|Any CPU
		{9CEEFD29-20AD-4FC8-9E93-994838C3C696}.Debug|Any CPU.Build.0 = Debug|Any CPU
		{9CEEFD29-20AD-4FC8-9E93-994838C3C696}.Release|Any CPU.ActiveCfg = Release|Any CPU
		{9CEEFD29-20AD-4FC8-9E93-994838C3C696}.Release|Any CPU.Build.0 = Release|Any CPU
		{0F980EE9-8BFD-4B30-AC45-86635C3D1E57}.Debug|Any CPU.ActiveCfg = Debug|Any CPU
		{0F980EE9-8BFD-4B30-AC45-86635C3D1E57}.Debug|Any CPU.Build.0 = Debug|Any CPU
		{0F980EE9-8BFD-4B30-AC45-86635C3D1E57}.Release|Any CPU.ActiveCfg = Release|Any CPU
		{0F980EE9-8BFD-4B30-AC45-86635C3D1E57}.Release|Any CPU.Build.0 = Release|Any CPU
		{4F5211AF-7D29-4F90-8D88-6691D4D4929E}.Debug|Any CPU.ActiveCfg = Debug|Any CPU
		{4F5211AF-7D29-4F90-8D88-6691D4D4929E}.Debug|Any CPU.Build.0 = Debug|Any CPU
		{4F5211AF-7D29-4F90-8D88-6691D4D4929E}.Release|Any CPU.ActiveCfg = Release|Any CPU
		{4F5211AF-7D29-4F90-8D88-6691D4D4929E}.Release|Any CPU.Build.0 = Release|Any CPU
		{75E98F1C-ADFD-4ECD-85B2-CA01EBBBA634}.Debug|Any CPU.ActiveCfg = Debug|Any CPU
		{75E98F1C-ADFD-4ECD-85B2-CA01EBBBA634}.Debug|Any CPU.Build.0 = Debug|Any CPU
		{75E98F1C-ADFD-4ECD-85B2-CA01EBBBA634}.Release|Any CPU.ActiveCfg = Release|Any CPU
		{75E98F1C-ADFD-4ECD-85B2-CA01EBBBA634}.Release|Any CPU.Build.0 = Release|Any CPU
		{846EEB17-F6D4-4A62-995C-FC57F9662D9F}.Debug|Any CPU.ActiveCfg = Debug|Any CPU
		{846EEB17-F6D4-4A62-995C-FC57F9662D9F}.Debug|Any CPU.Build.0 = Debug|Any CPU
		{846EEB17-F6D4-4A62-995C-FC57F9662D9F}.Release|Any CPU.ActiveCfg = Release|Any CPU
		{846EEB17-F6D4-4A62-995C-FC57F9662D9F}.Release|Any CPU.Build.0 = Release|Any CPU
		{FFFCF30A-1F22-4753-BAB7-CFA7E98100F6}.Debug|Any CPU.ActiveCfg = Debug|Any CPU
		{FFFCF30A-1F22-4753-BAB7-CFA7E98100F6}.Debug|Any CPU.Build.0 = Debug|Any CPU
		{FFFCF30A-1F22-4753-BAB7-CFA7E98100F6}.Release|Any CPU.ActiveCfg = Release|Any CPU
		{FFFCF30A-1F22-4753-BAB7-CFA7E98100F6}.Release|Any CPU.Build.0 = Release|Any CPU
	EndGlobalSection
	GlobalSection(SolutionProperties) = preSolution
		HideSolutionNode = FALSE
	EndGlobalSection
EndGlobal
