
Microsoft Visual Studio Solution File, Format Version 12.00
# Visual Studio 2013
VisualStudioVersion = 12.0.40629.0
MinimumVisualStudioVersion = 10.0.40219.1
Project("{FAE04EC0-301F-11D3-BF4B-00C04F79EFBC}") = "TESSERACTPROJECT", "TESSERACTPROJECT\TESSERACTPROJECT.csproj", "{936DAC42-A92A-4395-960D-934D64FE8DFC}"
EndProject
Project("{FAE04EC0-301F-11D3-BF4B-00C04F79EFBC}") = "MKOCRLIBRARY", "MKOCRLIBRARY\MKOCRLIBRARY.csproj", "{75E98F1C-ADFD-4ECD-85B2-CA01EBBBA634}"
EndProject
Project("{FAE04EC0-301F-11D3-BF4B-00C04F79EFBC}") = "SERVICEMKOCR", "SERVICEMKOCR\SERVICEMKOCR.csproj", "{FFFCF30A-1F22-4753-BAB7-CFA7E98100F6}"
EndProject
Project("{FAE04EC0-301F-11D3-BF4B-00C04F79EFBC}") = "OCRWEBPROJECT", "OCRWEBPROJECT\OCRWEBPROJECT.csproj", "{C27CB2E8-00F9-4518-9600-8E441445C96B}"
EndProject
Global
	GlobalSection(SolutionConfigurationPlatforms) = preSolution
		Debug|Any CPU = Debug|Any CPU
		Release|Any CPU = Release|Any CPU
	EndGlobalSection
	GlobalSection(ProjectConfigurationPlatforms) = postSolution
		{936DAC42-A92A-4395-960D-934D64FE8DFC}.Debug|Any CPU.ActiveCfg = Debug|Any CPU
		{936DAC42-A92A-4395-960D-934D64FE8DFC}.Debug|Any CPU.Build.0 = Debug|Any CPU
		{936DAC42-A92A-4395-960D-934D64FE8DFC}.Release|Any CPU.ActiveCfg = Release|Any CPU
		{936DAC42-A92A-4395-960D-934D64FE8DFC}.Release|Any CPU.Build.0 = Release|Any CPU
		{75E98F1C-ADFD-4ECD-85B2-CA01EBBBA634}.Debug|Any CPU.ActiveCfg = Debug|Any CPU
		{75E98F1C-ADFD-4ECD-85B2-CA01EBBBA634}.Debug|Any CPU.Build.0 = Debug|Any CPU
		{75E98F1C-ADFD-4ECD-85B2-CA01EBBBA634}.Release|Any CPU.ActiveCfg = Release|Any CPU
		{75E98F1C-ADFD-4ECD-85B2-CA01EBBBA634}.Release|Any CPU.Build.0 = Release|Any CPU
		{FFFCF30A-1F22-4753-BAB7-CFA7E98100F6}.Debug|Any CPU.ActiveCfg = Debug|Any CPU
		{FFFCF30A-1F22-4753-BAB7-CFA7E98100F6}.Debug|Any CPU.Build.0 = Debug|Any CPU
		{FFFCF30A-1F22-4753-BAB7-CFA7E98100F6}.Release|Any CPU.ActiveCfg = Release|Any CPU
		{FFFCF30A-1F22-4753-BAB7-CFA7E98100F6}.Release|Any CPU.Build.0 = Release|Any CPU
		{C27CB2E8-00F9-4518-9600-8E441445C96B}.Debug|Any CPU.ActiveCfg = Debug|Any CPU
		{C27CB2E8-00F9-4518-9600-8E441445C96B}.Debug|Any CPU.Build.0 = Debug|Any CPU
		{C27CB2E8-00F9-4518-9600-8E441445C96B}.Release|Any CPU.ActiveCfg = Release|Any CPU
		{C27CB2E8-00F9-4518-9600-8E441445C96B}.Release|Any CPU.Build.0 = Release|Any CPU
	EndGlobalSection
	GlobalSection(SolutionProperties) = preSolution
		HideSolutionNode = FALSE
	EndGlobalSection
EndGlobal
